
Microsoft Visual Studio Solution File, Format Version 12.00
# Visual Studio Version 16
VisualStudioVersion = 16.0.30002.166
MinimumVisualStudioVersion = 10.0.40219.1
Project("{FAE04EC0-301F-11D3-BF4B-00C04F79EFBC}") = "Vlasov_tomogram_visualizer", "Vlasov_tomogram_visualizer\Vlasov_tomogram_visualizer.csproj", "{646DE7B1-DF0C-4019-A2B0-BC1AFE89C6E0}"
EndProject
Global
	GlobalSection(SolutionConfigurationPlatforms) = preSolution
		Debug|Any CPU = Debug|Any CPU
		Release|Any CPU = Release|Any CPU
	EndGlobalSection
	GlobalSection(ProjectConfigurationPlatforms) = postSolution
		{646DE7B1-DF0C-4019-A2B0-BC1AFE89C6E0}.Debug|Any CPU.ActiveCfg = Debug|Any CPU
		{646DE7B1-DF0C-4019-A2B0-BC1AFE89C6E0}.Debug|Any CPU.Build.0 = Debug|Any CPU
		{646DE7B1-DF0C-4019-A2B0-BC1AFE89C6E0}.Release|Any CPU.ActiveCfg = Release|Any CPU
		{646DE7B1-DF0C-4019-A2B0-BC1AFE89C6E0}.Release|Any CPU.Build.0 = Release|Any CPU
	EndGlobalSection
	GlobalSection(SolutionProperties) = preSolution
		HideSolutionNode = FALSE
	EndGlobalSection
	GlobalSection(ExtensibilityGlobals) = postSolution
		SolutionGuid = {3406A955-369D-4495-9BFB-A4A78F6EA286}
	EndGlobalSection
EndGlobal
